
Microsoft Visual Studio Solution File, Format Version 12.00
# Visual Studio Version 17
VisualStudioVersion = 17.6.33723.286
MinimumVisualStudioVersion = 10.0.40219.1
Project("{9A19103F-16F7-4668-BE54-9A1E7A4F7556}") = "dddSample", "dddSample\dddSample.csproj", "{185725A0-27E6-4B5B-A656-78FB595CAB13}"
EndProject
Project("{9A19103F-16F7-4668-BE54-9A1E7A4F7556}") = "Infrastructure", "Infrastructure\Infrastructure.csproj", "{2E8F78B4-8EED-41BB-AEB0-EA8477405962}"
EndProject
Project("{9A19103F-16F7-4668-BE54-9A1E7A4F7556}") = "Domain", "Domain\Domain.csproj", "{B31DB089-4373-4246-80C0-EF933E986EDB}"
EndProject
Project("{9A19103F-16F7-4668-BE54-9A1E7A4F7556}") = "Core", "Contracts\Core.csproj", "{40681517-EEA1-45C5-8B72-3A698741F207}"
EndProject
Global
	GlobalSection(SolutionConfigurationPlatforms) = preSolution
		Debug|Any CPU = Debug|Any CPU
		Release|Any CPU = Release|Any CPU
	EndGlobalSection
	GlobalSection(ProjectConfigurationPlatforms) = postSolution
		{185725A0-27E6-4B5B-A656-78FB595CAB13}.Debug|Any CPU.ActiveCfg = Debug|Any CPU
		{185725A0-27E6-4B5B-A656-78FB595CAB13}.Debug|Any CPU.Build.0 = Debug|Any CPU
		{185725A0-27E6-4B5B-A656-78FB595CAB13}.Release|Any CPU.ActiveCfg = Release|Any CPU
		{185725A0-27E6-4B5B-A656-78FB595CAB13}.Release|Any CPU.Build.0 = Release|Any CPU
		{2E8F78B4-8EED-41BB-AEB0-EA8477405962}.Debug|Any CPU.ActiveCfg = Debug|Any CPU
		{2E8F78B4-8EED-41BB-AEB0-EA8477405962}.Debug|Any CPU.Build.0 = Debug|Any CPU
		{2E8F78B4-8EED-41BB-AEB0-EA8477405962}.Release|Any CPU.ActiveCfg = Release|Any CPU
		{2E8F78B4-8EED-41BB-AEB0-EA8477405962}.Release|Any CPU.Build.0 = Release|Any CPU
		{B31DB089-4373-4246-80C0-EF933E986EDB}.Debug|Any CPU.ActiveCfg = Debug|Any CPU
		{B31DB089-4373-4246-80C0-EF933E986EDB}.Debug|Any CPU.Build.0 = Debug|Any CPU
		{B31DB089-4373-4246-80C0-EF933E986EDB}.Release|Any CPU.ActiveCfg = Release|Any CPU
		{B31DB089-4373-4246-80C0-EF933E986EDB}.Release|Any CPU.Build.0 = Release|Any CPU
		{40681517-EEA1-45C5-8B72-3A698741F207}.Debug|Any CPU.ActiveCfg = Debug|Any CPU
		{40681517-EEA1-45C5-8B72-3A698741F207}.Debug|Any CPU.Build.0 = Debug|Any CPU
		{40681517-EEA1-45C5-8B72-3A698741F207}.Release|Any CPU.ActiveCfg = Release|Any CPU
		{40681517-EEA1-45C5-8B72-3A698741F207}.Release|Any CPU.Build.0 = Release|Any CPU
	EndGlobalSection
	GlobalSection(SolutionProperties) = preSolution
		HideSolutionNode = FALSE
	EndGlobalSection
	GlobalSection(ExtensibilityGlobals) = postSolution
		SolutionGuid = {E7E7571F-606F-447C-AC3C-618656C2E4AB}
	EndGlobalSection
EndGlobal
